
Microsoft Visual Studio Solution File, Format Version 10.00
# Visual Basic Express 2008
Project("{F184B08F-C81C-45F6-A57F-5ABD9991F28F}") = "Morpheus - Matrizes", "Morpheus - Matrizes\Morpheus - Matrizes.vbproj", "{3FAC28D6-A0C1-4873-AA9F-BE9FD0D58D99}"
EndProject
Global
	GlobalSection(SolutionConfigurationPlatforms) = preSolution
		Debug|Any CPU = Debug|Any CPU
		Release|Any CPU = Release|Any CPU
	EndGlobalSection
	GlobalSection(ProjectConfigurationPlatforms) = postSolution
		{3FAC28D6-A0C1-4873-AA9F-BE9FD0D58D99}.Debug|Any CPU.ActiveCfg = Debug|Any CPU
		{3FAC28D6-A0C1-4873-AA9F-BE9FD0D58D99}.Debug|Any CPU.Build.0 = Debug|Any CPU
		{3FAC28D6-A0C1-4873-AA9F-BE9FD0D58D99}.Release|Any CPU.ActiveCfg = Release|Any CPU
		{3FAC28D6-A0C1-4873-AA9F-BE9FD0D58D99}.Release|Any CPU.Build.0 = Release|Any CPU
	EndGlobalSection
	GlobalSection(SolutionProperties) = preSolution
		HideSolutionNode = FALSE
	EndGlobalSection
EndGlobal
